
Microsoft Visual Studio Solution File, Format Version 12.00
# Visual Studio Version 16
VisualStudioVersion = 16.0.30503.244
MinimumVisualStudioVersion = 10.0.40219.1
Project("{FAE04EC0-301F-11D3-BF4B-00C04F79EFBC}") = "Ejemplo1", "Ejemplo1.csproj", "{F633E5A0-9615-4805-9768-1A49A8D0A097}"
EndProject
Global
	GlobalSection(SolutionConfigurationPlatforms) = preSolution
		Debug|Any CPU = Debug|Any CPU
		Release|Any CPU = Release|Any CPU
	EndGlobalSection
	GlobalSection(ProjectConfigurationPlatforms) = postSolution
		{F633E5A0-9615-4805-9768-1A49A8D0A097}.Debug|Any CPU.ActiveCfg = Debug|Any CPU
		{F633E5A0-9615-4805-9768-1A49A8D0A097}.Debug|Any CPU.Build.0 = Debug|Any CPU
		{F633E5A0-9615-4805-9768-1A49A8D0A097}.Release|Any CPU.ActiveCfg = Release|Any CPU
		{F633E5A0-9615-4805-9768-1A49A8D0A097}.Release|Any CPU.Build.0 = Release|Any CPU
	EndGlobalSection
	GlobalSection(SolutionProperties) = preSolution
		HideSolutionNode = FALSE
	EndGlobalSection
	GlobalSection(ExtensibilityGlobals) = postSolution
		SolutionGuid = {0969ACB5-9F33-4AB7-94BD-165E7549A29A}
	EndGlobalSection
EndGlobal
